# THIS IS AN AUTOGENERATED FILE. DO NOT EDIT THIS FILE DIRECTLY.
# yarn lockfile v1


"@adraffy/ens-normalize@1.10.1":
  version "1.10.1"
  resolved "https://registry.yarnpkg.com/@adraffy/ens-normalize/-/ens-normalize-1.10.1.tgz#63430d04bd8c5e74f8d7d049338f1cd9d4f02069"
  integrity sha512-96Z2IP3mYmF1Xg2cDm8f1gWGf/HUVedQ3FMifV4kG/PQ4yEP51xDtRAEfhVNt5f/uzpNkZHwWQuUcu6D6K+Ekw==

"@noble/curves@1.2.0":
  version "1.2.0"
  resolved "https://registry.yarnpkg.com/@noble/curves/-/curves-1.2.0.tgz#92d7e12e4e49b23105a2555c6984d41733d65c35"
  integrity sha512-oYclrNgRaM9SsBUBVbb8M6DTV7ZHRTKugureoYEncY5c65HOmRzvSiTE3y5CYaPYJA/GVkrhXEoF0M3Ya9PMnw==
  dependencies:
    "@noble/hashes" "1.3.2"

"@noble/hashes@1.3.2":
  version "1.3.2"
  resolved "https://registry.yarnpkg.com/@noble/hashes/-/hashes-1.3.2.tgz#6f26dbc8fbc7205873ce3cee2f690eba0d421b39"
  integrity sha512-MVC8EAQp7MvEcm30KWENFjgR+Mkmf+D189XJTkFIlwohU5hcBbn1ZkKq7KVTi2Hme3PMGF390DaL52beVrIihQ==

"@openzeppelin/contracts-upgradeable-v4@npm:@openzeppelin/contracts-upgradeable@4.9.6":
  version "4.9.6"
  resolved "https://registry.yarnpkg.com/@openzeppelin/contracts-upgradeable/-/contracts-upgradeable-4.9.6.tgz#38b21708a719da647de4bb0e4802ee235a0d24df"
  integrity sha512-m4iHazOsOCv1DgM7eD7GupTJ+NFVujRZt1wzddDPSVGpWdKq1SKkla5htKG7+IS4d2XOCtzkUNwRZ7Vq5aEUMA==

"@openzeppelin/contracts-upgradeable@5.0.1":
  version "5.0.1"
  resolved "https://registry.yarnpkg.com/@openzeppelin/contracts-upgradeable/-/contracts-upgradeable-5.0.1.tgz#ebc163cbed2de6b8b69bff628261d18deb912a81"
  integrity sha512-MvaLoPnVcoZr/qqZP+4cl9piuR4gg0iIGgxVSZ/AL1iId3M6IdEHzz9Naw5Lirl4KKBI6ciTVnX07yL4dOMIJg==

"@openzeppelin/contracts-upgradeable@5.0.2":
  version "5.0.2"
  resolved "https://registry.yarnpkg.com/@openzeppelin/contracts-upgradeable/-/contracts-upgradeable-5.0.2.tgz#3e5321a2ecdd0b206064356798c21225b6ec7105"
  integrity sha512-0MmkHSHiW2NRFiT9/r5Lu4eJq5UJ4/tzlOgYXNAIj/ONkQTVnz22pLxDvp4C4uZ9he7ZFvGn3Driptn1/iU7tQ==

"@openzeppelin/contracts-upgradeable@^5.1.0":
  version "5.1.0"
  resolved "https://registry.yarnpkg.com/@openzeppelin/contracts-upgradeable/-/contracts-upgradeable-5.1.0.tgz#4d37648b7402929c53e2ff6e45749ecff91eb2b6"
  integrity sha512-AIElwP5Ck+cslNE+Hkemf5SxjJoF4wBvvjxc27Rp+9jaPs/CLIaUBMYe1FNzhdiN0cYuwGRmYaRHmmntuiju4Q==

"@openzeppelin/contracts@5.0.1":
  version "5.0.1"
  resolved "https://registry.yarnpkg.com/@openzeppelin/contracts/-/contracts-5.0.1.tgz#93da90fc209a0a4ff09c1deb037fbb35e4020890"
  integrity sha512-yQJaT5HDp9hYOOp4jTYxMsR02gdFZFXhewX5HW9Jo4fsqSVqqyIO/xTHdWDaKX5a3pv1txmf076Lziz+sO7L1w==

"@openzeppelin/contracts@5.0.2":
  version "5.0.2"
  resolved "https://registry.yarnpkg.com/@openzeppelin/contracts/-/contracts-5.0.2.tgz#b1d03075e49290d06570b2fd42154d76c2a5d210"
  integrity sha512-ytPc6eLGcHHnapAZ9S+5qsdomhjo6QBHTDRRBFfTxXIpsicMhVPouPgmUPebZZZGX7vt9USA+Z+0M0dSVtSUEA==

"@openzeppelin/contracts@^5.1.0":
  version "5.1.0"
  resolved "https://registry.yarnpkg.com/@openzeppelin/contracts/-/contracts-5.1.0.tgz#4e61162f2a2bf414c4e10c45eca98ce5f1aadbd4"
  integrity sha512-p1ULhl7BXzjjbha5aqst+QMLY+4/LCWADXOCsmLHRM77AqiPjnd9vvUN9sosUfhL9JGKpZ0TjEGxgvnizmWGSA==

"@story-protocol/create3-deployer@github:storyprotocol/create3-deployer#main":
  version "0.0.0"
  resolved "https://codeload.github.com/storyprotocol/create3-deployer/tar.gz/094147bda866490dd1c3e8261bb3dfee65e7af54"

"@story-protocol/protocol-core@github:storyprotocol/protocol-core-v1#main":
  version "1.1.0"
  resolved "https://codeload.github.com/storyprotocol/protocol-core-v1/tar.gz/3ef2a99a99192587d24b4805d5848e3a799dcf5e"
  dependencies:
    "@openzeppelin/contracts" "5.0.2"
    "@openzeppelin/contracts-upgradeable" "5.0.2"
    "@openzeppelin/contracts-upgradeable-v4" "npm:@openzeppelin/contracts-upgradeable@4.9.6"
    erc6551 "^0.3.1"
    solady "^0.0.192"

"@story-protocol/protocol-core@https://github.com/storyprotocol/protocol-core-v1#v1.2.1":
  version "1.1.0"
  resolved "https://github.com/storyprotocol/protocol-core-v1#73f655e191195e27bc55c97520f8a97d768f19b6"
  dependencies:
    "@openzeppelin/contracts" "5.0.2"
    "@openzeppelin/contracts-upgradeable" "5.0.2"
    "@openzeppelin/contracts-upgradeable-v4" "npm:@openzeppelin/contracts-upgradeable@4.9.6"
    erc6551 "^0.3.1"
    solady "^0.0.192"

"@story-protocol/protocol-periphery@https://github.com/storyprotocol/protocol-periphery-v1#v1.2.3":
  version "1.2.3"
  resolved "https://github.com/storyprotocol/protocol-periphery-v1#6acb0db66ee1acd48e0d33bea5c5dd81c8425994"
  dependencies:
    "@openzeppelin/contracts" "5.0.1"
    "@openzeppelin/contracts-upgradeable" "5.0.1"
    "@story-protocol/create3-deployer" "github:storyprotocol/create3-deployer#main"
    "@story-protocol/protocol-core" "github:storyprotocol/protocol-core-v1#main"
    erc6551 "^0.3.1"
    solady "^0.0.192"

"@types/node@22.7.5":
  version "22.7.5"
  resolved "https://registry.yarnpkg.com/@types/node/-/node-22.7.5.tgz#cfde981727a7ab3611a481510b473ae54442b92b"
  integrity sha512-jML7s2NAzMWc//QSJ1a3prpk78cOPchGvXJsC3C6R6PSMoooztvRVQEz89gmBTBY1SPMaqo5teB4uNHPdetShQ==
  dependencies:
    undici-types "~6.19.2"

aes-js@4.0.0-beta.5:
  version "4.0.0-beta.5"
  resolved "https://registry.yarnpkg.com/aes-js/-/aes-js-4.0.0-beta.5.tgz#8d2452c52adedebc3a3e28465d858c11ca315873"
  integrity sha512-G965FqalsNyrPqgEGON7nIx1e/OVENSgiEIzyC63haUMuvNnwIgIjMs52hlTCKhkBny7A2ORNlfY9Zu+jmGk1Q==

dotenv@^16.4.5:
  version "16.4.5"
  resolved "https://registry.yarnpkg.com/dotenv/-/dotenv-16.4.5.tgz#cdd3b3b604cb327e286b4762e13502f717cb099f"
  integrity sha512-ZmdL2rui+eB2YwhsWzjInR8LldtZHGDoQ1ugH85ppHKwpUHL7j7rN0Ti9NCnGiQbhaZ11FpR+7ao1dNsmduNUg==

erc6551@^0.3.1:
  version "0.3.1"
  resolved "https://registry.yarnpkg.com/erc6551/-/erc6551-0.3.1.tgz#f9ccc0901c210b0cc29c1c730398878319a1fd30"
  integrity sha512-4+O7CJ5gn3/s2Mum1QiJDJUbGE1P1m0t3do2nnFAKWEXLubWfZjS12HqraUJ6Y6su3WJ8EqdWm0270gC0bqpCA==

ethers@^6.13.4:
  version "6.13.4"
  resolved "https://registry.yarnpkg.com/ethers/-/ethers-6.13.4.tgz#bd3e1c3dc1e7dc8ce10f9ffb4ee40967a651b53c"
  integrity sha512-21YtnZVg4/zKkCQPjrDj38B1r4nQvTZLopUGMLQ1ePU2zV/joCfDC3t3iKQjWRzjjjbzR+mdAIoikeBRNkdllA==
  dependencies:
    "@adraffy/ens-normalize" "1.10.1"
    "@noble/curves" "1.2.0"
    "@noble/hashes" "1.3.2"
    "@types/node" "22.7.5"
    aes-js "4.0.0-beta.5"
    tslib "2.7.0"
    ws "8.17.1"

solady@^0.0.192:
  version "0.0.192"
  resolved "https://registry.yarnpkg.com/solady/-/solady-0.0.192.tgz#f80ea061903ba1914d2c96c3c69f53d66865f88f"
  integrity sha512-96A4dhYkSB/xUyZIuc6l8RMbQ+nqk7GFr0hEci7/64D3G63Ial06puqXA14ZVy/xFe8nzBJbz3Mxssn7SH/1Ag==

tslib@2.7.0:
  version "2.7.0"
  resolved "https://registry.yarnpkg.com/tslib/-/tslib-2.7.0.tgz#d9b40c5c40ab59e8738f297df3087bf1a2690c01"
  integrity sha512-gLXCKdN1/j47AiHiOkJN69hJmcbGTHI0ImLmbYLHykhgeN0jVGola9yVjFgzCUklsZQMW55o+dW7IXv3RCXDzA==

undici-types@~6.19.2:
  version "6.19.8"
  resolved "https://registry.yarnpkg.com/undici-types/-/undici-types-6.19.8.tgz#35111c9d1437ab83a7cdc0abae2f26d88eda0a02"
  integrity sha512-ve2KP6f/JnbPBFyobGHuerC9g1FYGn/F8n1LWTwNxCEzd6IfqTwUQcNXgEtmmQ6DlRrC1hrSrBnCZPokRrDHjw==

ws@8.17.1:
  version "8.17.1"
  resolved "https://registry.yarnpkg.com/ws/-/ws-8.17.1.tgz#9293da530bb548febc95371d90f9c878727d919b"
  integrity sha512-6XQFvXTkbfUOZOKKILFG1PDK2NDQs4azKQl26T0YS5CxqWLgXajbPZ+h4gZekJyRqFU8pvnbAbbs/3TgRPy+GQ==
